// !$*UTF8*$!
{
	archiveVersion = 1;
	classes = {
	};
	objectVersion = 50;
	objects = {

/* Begin PBXBuildFile section */
		4B0C1F6C0E9B7CB3818E1038 /* Pods_PizzaareaClientTests.framework in Frameworks */ = {isa = PBXBuildFile; fileRef = 3395730174A742880B176D29 /* Pods_PizzaareaClientTests.framework */; };
		85171E30797BFB2FDABC4DA0 /* Pods_PizzaareaClientUITests.framework in Frameworks */ = {isa = PBXBuildFile; fileRef = C293F4EABDFDC5804B7D3662 /* Pods_PizzaareaClientUITests.framework */; };
		C6B222E480FF73136EFF8EFD /* Pods_PizzaareaClient.framework in Frameworks */ = {isa = PBXBuildFile; fileRef = 6D7E4DE538C88E680FDD6BB5 /* Pods_PizzaareaClient.framework */; };
		CD13458C224A3FCF00E5F857 /* AppDelegate.swift in Sources */ = {isa = PBXBuildFile; fileRef = CD13458B224A3FCF00E5F857 /* AppDelegate.swift */; };
		CD13458E224A3FCF00E5F857 /* ViewController.swift in Sources */ = {isa = PBXBuildFile; fileRef = CD13458D224A3FCF00E5F857 /* ViewController.swift */; };
		CD134591224A3FCF00E5F857 /* Main.storyboard in Resources */ = {isa = PBXBuildFile; fileRef = CD13458F224A3FCF00E5F857 /* Main.storyboard */; };
		CD134593224A3FD100E5F857 /* Assets.xcassets in Resources */ = {isa = PBXBuildFile; fileRef = CD134592224A3FD100E5F857 /* Assets.xcassets */; };
		CD134596224A3FD100E5F857 /* LaunchScreen.storyboard in Resources */ = {isa = PBXBuildFile; fileRef = CD134594224A3FD100E5F857 /* LaunchScreen.storyboard */; };
		CD1345A1224A3FD200E5F857 /* PizzaareaClientTests.swift in Sources */ = {isa = PBXBuildFile; fileRef = CD1345A0224A3FD200E5F857 /* PizzaareaClientTests.swift */; };
		CD1345AC224A3FD200E5F857 /* PizzaareaClientUITests.swift in Sources */ = {isa = PBXBuildFile; fileRef = CD1345AB224A3FD200E5F857 /* PizzaareaClientUITests.swift */; };
		CD1345BA224A53E300E5F857 /* Pizza.swift in Sources */ = {isa = PBXBuildFile; fileRef = CD1345B9224A53E300E5F857 /* Pizza.swift */; };
		CD1345BC224A540D00E5F857 /* Order.swift in Sources */ = {isa = PBXBuildFile; fileRef = CD1345BB224A540D00E5F857 /* Order.swift */; };
		CD1345BE224A555600E5F857 /* PizzaListTableViewController.swift in Sources */ = {isa = PBXBuildFile; fileRef = CD1345BD224A555600E5F857 /* PizzaListTableViewController.swift */; };
/* End PBXBuildFile section */

/* Begin PBXContainerItemProxy section */
		CD13459D224A3FD200E5F857 /* PBXContainerItemProxy */ = {
			isa = PBXContainerItemProxy;
			containerPortal = CD134580224A3FCF00E5F857 /* Project object */;
			proxyType = 1;
			remoteGlobalIDString = CD134587224A3FCF00E5F857;
			remoteInfo = PizzaareaClient;
		};
		CD1345A8224A3FD200E5F857 /* PBXContainerItemProxy */ = {
			isa = PBXContainerItemProxy;
			containerPortal = CD134580224A3FCF00E5F857 /* Project object */;
			proxyType = 1;
			remoteGlobalIDString = CD134587224A3FCF00E5F857;
			remoteInfo = PizzaareaClient;
		};
/* End PBXContainerItemProxy section */

/* Begin PBXFileReference section */
		2AFE4B9B01A2F66D19CE79F1 /* Pods-PizzaareaClient.debug.xcconfig */ = {isa = PBXFileReference; includeInIndex = 1; lastKnownFileType = text.xcconfig; name = "Pods-PizzaareaClient.debug.xcconfig"; path = "Pods/Target Support Files/Pods-PizzaareaClient/Pods-PizzaareaClient.debug.xcconfig"; sourceTree = "<group>"; };
		3395730174A742880B176D29 /* Pods_PizzaareaClientTests.framework */ = {isa = PBXFileReference; explicitFileType = wrapper.framework; includeInIndex = 0; path = Pods_PizzaareaClientTests.framework; sourceTree = BUILT_PRODUCTS_DIR; };
		64534C37D3D0CB53392E997F /* Pods-PizzaareaClientTests.debug.xcconfig */ = {isa = PBXFileReference; includeInIndex = 1; lastKnownFileType = text.xcconfig; name = "Pods-PizzaareaClientTests.debug.xcconfig"; path = "Pods/Target Support Files/Pods-PizzaareaClientTests/Pods-PizzaareaClientTests.debug.xcconfig"; sourceTree = "<group>"; };
		6D7E4DE538C88E680FDD6BB5 /* Pods_PizzaareaClient.framework */ = {isa = PBXFileReference; explicitFileType = wrapper.framework; includeInIndex = 0; path = Pods_PizzaareaClient.framework; sourceTree = BUILT_PRODUCTS_DIR; };
		B6207DCC4AC6265F9B8A89E5 /* Pods-PizzaareaClient.release.xcconfig */ = {isa = PBXFileReference; includeInIndex = 1; lastKnownFileType = text.xcconfig; name = "Pods-PizzaareaClient.release.xcconfig"; path = "Pods/Target Support Files/Pods-PizzaareaClient/Pods-PizzaareaClient.release.xcconfig"; sourceTree = "<group>"; };
		C293F4EABDFDC5804B7D3662 /* Pods_PizzaareaClientUITests.framework */ = {isa = PBXFileReference; explicitFileType = wrapper.framework; includeInIndex = 0; path = Pods_PizzaareaClientUITests.framework; sourceTree = BUILT_PRODUCTS_DIR; };
		CD134588224A3FCF00E5F857 /* PizzaareaClient.app */ = {isa = PBXFileReference; explicitFileType = wrapper.application; includeInIndex = 0; path = PizzaareaClient.app; sourceTree = BUILT_PRODUCTS_DIR; };
		CD13458B224A3FCF00E5F857 /* AppDelegate.swift */ = {isa = PBXFileReference; lastKnownFileType = sourcecode.swift; path = AppDelegate.swift; sourceTree = "<group>"; };
		CD13458D224A3FCF00E5F857 /* ViewController.swift */ = {isa = PBXFileReference; lastKnownFileType = sourcecode.swift; path = ViewController.swift; sourceTree = "<group>"; };
		CD134590224A3FCF00E5F857 /* Base */ = {isa = PBXFileReference; lastKnownFileType = file.storyboard; name = Base; path = Base.lproj/Main.storyboard; sourceTree = "<group>"; };
		CD134592224A3FD100E5F857 /* Assets.xcassets */ = {isa = PBXFileReference; lastKnownFileType = folder.assetcatalog; path = Assets.xcassets; sourceTree = "<group>"; };
		CD134595224A3FD100E5F857 /* Base */ = {isa = PBXFileReference; lastKnownFileType = file.storyboard; name = Base; path = Base.lproj/LaunchScreen.storyboard; sourceTree = "<group>"; };
		CD134597224A3FD100E5F857 /* Info.plist */ = {isa = PBXFileReference; lastKnownFileType = text.plist.xml; path = Info.plist; sourceTree = "<group>"; };
		CD13459C224A3FD200E5F857 /* PizzaareaClientTests.xctest */ = {isa = PBXFileReference; explicitFileType = wrapper.cfbundle; includeInIndex = 0; path = PizzaareaClientTests.xctest; sourceTree = BUILT_PRODUCTS_DIR; };
		CD1345A0224A3FD200E5F857 /* PizzaareaClientTests.swift */ = {isa = PBXFileReference; lastKnownFileType = sourcecode.swift; path = PizzaareaClientTests.swift; sourceTree = "<group>"; };
		CD1345A2224A3FD200E5F857 /* Info.plist */ = {isa = PBXFileReference; lastKnownFileType = text.plist.xml; path = Info.plist; sourceTree = "<group>"; };
		CD1345A7224A3FD200E5F857 /* PizzaareaClientUITests.xctest */ = {isa = PBXFileReference; explicitFileType = wrapper.cfbundle; includeInIndex = 0; path = PizzaareaClientUITests.xctest; sourceTree = BUILT_PRODUCTS_DIR; };
		CD1345AB224A3FD200E5F857 /* PizzaareaClientUITests.swift */ = {isa = PBXFileReference; lastKnownFileType = sourcecode.swift; path = PizzaareaClientUITests.swift; sourceTree = "<group>"; };
		CD1345AD224A3FD200E5F857 /* Info.plist */ = {isa = PBXFileReference; lastKnownFileType = text.plist.xml; path = Info.plist; sourceTree = "<group>"; };
		CD1345B9224A53E300E5F857 /* Pizza.swift */ = {isa = PBXFileReference; lastKnownFileType = sourcecode.swift; path = Pizza.swift; sourceTree = "<group>"; };
		CD1345BB224A540D00E5F857 /* Order.swift */ = {isa = PBXFileReference; lastKnownFileType = sourcecode.swift; path = Order.swift; sourceTree = "<group>"; };
		CD1345BD224A555600E5F857 /* PizzaListTableViewController.swift */ = {isa = PBXFileReference; lastKnownFileType = sourcecode.swift; path = PizzaListTableViewController.swift; sourceTree = "<group>"; };
		F1442869CB61082ACFA49F2F /* Pods-PizzaareaClientUITests.release.xcconfig */ = {isa = PBXFileReference; includeInIndex = 1; lastKnownFileType = text.xcconfig; name = "Pods-PizzaareaClientUITests.release.xcconfig"; path = "Pods/Target Support Files/Pods-PizzaareaClientUITests/Pods-PizzaareaClientUITests.release.xcconfig"; sourceTree = "<group>"; };
		F3ABB1CBEBF1B63B0D3C9070 /* Pods-PizzaareaClientUITests.debug.xcconfig */ = {isa = PBXFileReference; includeInIndex = 1; lastKnownFileType = text.xcconfig; name = "Pods-PizzaareaClientUITests.debug.xcconfig"; path = "Pods/Target Support Files/Pods-PizzaareaClientUITests/Pods-PizzaareaClientUITests.debug.xcconfig"; sourceTree = "<group>"; };
		F9DD58D8CA063FC82FBB2514 /* Pods-PizzaareaClientTests.release.xcconfig */ = {isa = PBXFileReference; includeInIndex = 1; lastKnownFileType = text.xcconfig; name = "Pods-PizzaareaClientTests.release.xcconfig"; path = "Pods/Target Support Files/Pods-PizzaareaClientTests/Pods-PizzaareaClientTests.release.xcconfig"; sourceTree = "<group>"; };
/* End PBXFileReference section */

/* Begin PBXFrameworksBuildPhase section */
		CD134585224A3FCF00E5F857 /* Frameworks */ = {
			isa = PBXFrameworksBuildPhase;
			buildActionMask = 2147483647;
			files = (
				C6B222E480FF73136EFF8EFD /* Pods_PizzaareaClient.framework in Frameworks */,
			);
			runOnlyForDeploymentPostprocessing = 0;
		};
		CD134599224A3FD200E5F857 /* Frameworks */ = {
			isa = PBXFrameworksBuildPhase;
			buildActionMask = 2147483647;
			files = (
				4B0C1F6C0E9B7CB3818E1038 /* Pods_PizzaareaClientTests.framework in Frameworks */,
			);
			runOnlyForDeploymentPostprocessing = 0;
		};
		CD1345A4224A3FD200E5F857 /* Frameworks */ = {
			isa = PBXFrameworksBuildPhase;
			buildActionMask = 2147483647;
			files = (
				85171E30797BFB2FDABC4DA0 /* Pods_PizzaareaClientUITests.framework in Frameworks */,
			);
			runOnlyForDeploymentPostprocessing = 0;
		};
/* End PBXFrameworksBuildPhase section */

/* Begin PBXGroup section */
		4F8CF0E67A8611F664AA512F /* Pods */ = {
			isa = PBXGroup;
			children = (
				2AFE4B9B01A2F66D19CE79F1 /* Pods-PizzaareaClient.debug.xcconfig */,
				B6207DCC4AC6265F9B8A89E5 /* Pods-PizzaareaClient.release.xcconfig */,
				64534C37D3D0CB53392E997F /* Pods-PizzaareaClientTests.debug.xcconfig */,
				F9DD58D8CA063FC82FBB2514 /* Pods-PizzaareaClientTests.release.xcconfig */,
				F3ABB1CBEBF1B63B0D3C9070 /* Pods-PizzaareaClientUITests.debug.xcconfig */,
				F1442869CB61082ACFA49F2F /* Pods-PizzaareaClientUITests.release.xcconfig */,
			);
			name = Pods;
			sourceTree = "<group>";
		};
		CD13457F224A3FCF00E5F857 = {
			isa = PBXGroup;
			children = (
				CD13458A224A3FCF00E5F857 /* PizzaareaClient */,
				CD13459F224A3FD200E5F857 /* PizzaareaClientTests */,
				CD1345AA224A3FD200E5F857 /* PizzaareaClientUITests */,
				CD134589224A3FCF00E5F857 /* Products */,
				4F8CF0E67A8611F664AA512F /* Pods */,
				F11A10FC172B5B6CE88F4402 /* Frameworks */,
			);
			sourceTree = "<group>";
		};
		CD134589224A3FCF00E5F857 /* Products */ = {
			isa = PBXGroup;
			children = (
				CD134588224A3FCF00E5F857 /* PizzaareaClient.app */,
				CD13459C224A3FD200E5F857 /* PizzaareaClientTests.xctest */,
				CD1345A7224A3FD200E5F857 /* PizzaareaClientUITests.xctest */,
			);
			name = Products;
			sourceTree = "<group>";
		};
		CD13458A224A3FCF00E5F857 /* PizzaareaClient */ = {
			isa = PBXGroup;
			children = (
				CD13458B224A3FCF00E5F857 /* AppDelegate.swift */,
				CD13458D224A3FCF00E5F857 /* ViewController.swift */,
				CD13458F224A3FCF00E5F857 /* Main.storyboard */,
				CD134592224A3FD100E5F857 /* Assets.xcassets */,
				CD134594224A3FD100E5F857 /* LaunchScreen.storyboard */,
				CD134597224A3FD100E5F857 /* Info.plist */,
				CD1345B9224A53E300E5F857 /* Pizza.swift */,
				CD1345BB224A540D00E5F857 /* Order.swift */,
				CD1345BD224A555600E5F857 /* PizzaListTableViewController.swift */,
			);
			path = PizzaareaClient;
			sourceTree = "<group>";
		};
		CD13459F224A3FD200E5F857 /* PizzaareaClientTests */ = {
			isa = PBXGroup;
			children = (
				CD1345A0224A3FD200E5F857 /* PizzaareaClientTests.swift */,
				CD1345A2224A3FD200E5F857 /* Info.plist */,
			);
			path = PizzaareaClientTests;
			sourceTree = "<group>";
		};
		CD1345AA224A3FD200E5F857 /* PizzaareaClientUITests */ = {
			isa = PBXGroup;
			children = (
				CD1345AB224A3FD200E5F857 /* PizzaareaClientUITests.swift */,
				CD1345AD224A3FD200E5F857 /* Info.plist */,
			);
			path = PizzaareaClientUITests;
			sourceTree = "<group>";
		};
		F11A10FC172B5B6CE88F4402 /* Frameworks */ = {
			isa = PBXGroup;
			children = (
				6D7E4DE538C88E680FDD6BB5 /* Pods_PizzaareaClient.framework */,
				3395730174A742880B176D29 /* Pods_PizzaareaClientTests.framework */,
				C293F4EABDFDC5804B7D3662 /* Pods_PizzaareaClientUITests.framework */,
			);
			name = Frameworks;
			sourceTree = "<group>";
		};
/* End PBXGroup section */

/* Begin PBXNativeTarget section */
		CD134587224A3FCF00E5F857 /* PizzaareaClient */ = {
			isa = PBXNativeTarget;
			buildConfigurationList = CD1345B0224A3FD200E5F857 /* Build configuration list for PBXNativeTarget "PizzaareaClient" */;
			buildPhases = (
				5C2BDD03322E6EC0119EFF61 /* [CP] Check Pods Manifest.lock */,
				CD134584224A3FCF00E5F857 /* Sources */,
				CD134585224A3FCF00E5F857 /* Frameworks */,
				CD134586224A3FCF00E5F857 /* Resources */,
				8DF370A30A495264E46E981A /* [CP] Embed Pods Frameworks */,
			);
			buildRules = (
			);
			dependencies = (
			);
			name = PizzaareaClient;
			productName = PizzaareaClient;
			productReference = CD134588224A3FCF00E5F857 /* PizzaareaClient.app */;
			productType = "com.apple.product-type.application";
		};
		CD13459B224A3FD200E5F857 /* PizzaareaClientTests */ = {
			isa = PBXNativeTarget;
			buildConfigurationList = CD1345B3224A3FD200E5F857 /* Build configuration list for PBXNativeTarget "PizzaareaClientTests" */;
			buildPhases = (
				B888DCAD0ABFFD7A65666BC0 /* [CP] Check Pods Manifest.lock */,
				CD134598224A3FD200E5F857 /* Sources */,
				CD134599224A3FD200E5F857 /* Frameworks */,
				CD13459A224A3FD200E5F857 /* Resources */,
			);
			buildRules = (
			);
			dependencies = (
				CD13459E224A3FD200E5F857 /* PBXTargetDependency */,
			);
			name = PizzaareaClientTests;
			productName = PizzaareaClientTests;
			productReference = CD13459C224A3FD200E5F857 /* PizzaareaClientTests.xctest */;
			productType = "com.apple.product-type.bundle.unit-test";
		};
		CD1345A6224A3FD200E5F857 /* PizzaareaClientUITests */ = {
			isa = PBXNativeTarget;
			buildConfigurationList = CD1345B6224A3FD200E5F857 /* Build configuration list for PBXNativeTarget "PizzaareaClientUITests" */;
			buildPhases = (
				4562EF290DBB1EDD5D7CFECE /* [CP] Check Pods Manifest.lock */,
				CD1345A3224A3FD200E5F857 /* Sources */,
				CD1345A4224A3FD200E5F857 /* Frameworks */,
				CD1345A5224A3FD200E5F857 /* Resources */,
			);
			buildRules = (
			);
			dependencies = (
				CD1345A9224A3FD200E5F857 /* PBXTargetDependency */,
			);
			name = PizzaareaClientUITests;
			productName = PizzaareaClientUITests;
			productReference = CD1345A7224A3FD200E5F857 /* PizzaareaClientUITests.xctest */;
			productType = "com.apple.product-type.bundle.ui-testing";
		};
/* End PBXNativeTarget section */

/* Begin PBXProject section */
		CD134580224A3FCF00E5F857 /* Project object */ = {
			isa = PBXProject;
			attributes = {
				LastSwiftUpdateCheck = 1010;
				LastUpgradeCheck = 1010;
				ORGANIZATIONNAME = "Benedikt Kurz";
				TargetAttributes = {
					CD134587224A3FCF00E5F857 = {
						CreatedOnToolsVersion = 10.1;
					};
					CD13459B224A3FD200E5F857 = {
						CreatedOnToolsVersion = 10.1;
						TestTargetID = CD134587224A3FCF00E5F857;
					};
					CD1345A6224A3FD200E5F857 = {
						CreatedOnToolsVersion = 10.1;
						TestTargetID = CD134587224A3FCF00E5F857;
					};
				};
			};
			buildConfigurationList = CD134583224A3FCF00E5F857 /* Build configuration list for PBXProject "PizzaareaClient" */;
			compatibilityVersion = "Xcode 9.3";
			developmentRegion = en;
			hasScannedForEncodings = 0;
			knownRegions = (
				en,
				Base,
			);
			mainGroup = CD13457F224A3FCF00E5F857;
			productRefGroup = CD134589224A3FCF00E5F857 /* Products */;
			projectDirPath = "";
			projectRoot = "";
			targets = (
				CD134587224A3FCF00E5F857 /* PizzaareaClient */,
				CD13459B224A3FD200E5F857 /* PizzaareaClientTests */,
				CD1345A6224A3FD200E5F857 /* PizzaareaClientUITests */,
			);
		};
/* End PBXProject section */

/* Begin PBXResourcesBuildPhase section */
		CD134586224A3FCF00E5F857 /* Resources */ = {
			isa = PBXResourcesBuildPhase;
			buildActionMask = 2147483647;
			files = (
				CD134596224A3FD100E5F857 /* LaunchScreen.storyboard in Resources */,
				CD134593224A3FD100E5F857 /* Assets.xcassets in Resources */,
				CD134591224A3FCF00E5F857 /* Main.storyboard in Resources */,
			);
			runOnlyForDeploymentPostprocessing = 0;
		};
		CD13459A224A3FD200E5F857 /* Resources */ = {
			isa = PBXResourcesBuildPhase;
			buildActionMask = 2147483647;
			files = (
			);
			runOnlyForDeploymentPostprocessing = 0;
		};
		CD1345A5224A3FD200E5F857 /* Resources */ = {
			isa = PBXResourcesBuildPhase;
			buildActionMask = 2147483647;
			files = (
			);
			runOnlyForDeploymentPostprocessing = 0;
		};
/* End PBXResourcesBuildPhase section */

/* Begin PBXShellScriptBuildPhase section */
		4562EF290DBB1EDD5D7CFECE /* [CP] Check Pods Manifest.lock */ = {
			isa = PBXShellScriptBuildPhase;
			buildActionMask = 2147483647;
			files = (
			);
			inputPaths = (
				"${PODS_PODFILE_DIR_PATH}/Podfile.lock",
				"${PODS_ROOT}/Manifest.lock",
			);
			name = "[CP] Check Pods Manifest.lock";
			outputPaths = (
				"$(DERIVED_FILE_DIR)/Pods-PizzaareaClientUITests-checkManifestLockResult.txt",
			);
			runOnlyForDeploymentPostprocessing = 0;
			shellPath = /bin/sh;
			shellScript = "diff \"${PODS_PODFILE_DIR_PATH}/Podfile.lock\" \"${PODS_ROOT}/Manifest.lock\" > /dev/null\nif [ $? != 0 ] ; then\n    # print error to STDERR\n    echo \"error: The sandbox is not in sync with the Podfile.lock. Run 'pod install' or update your CocoaPods installation.\" >&2\n    exit 1\nfi\n# This output is used by Xcode 'outputs' to avoid re-running this script phase.\necho \"SUCCESS\" > \"${SCRIPT_OUTPUT_FILE_0}\"\n";
			showEnvVarsInLog = 0;
		};
		5C2BDD03322E6EC0119EFF61 /* [CP] Check Pods Manifest.lock */ = {
			isa = PBXShellScriptBuildPhase;
			buildActionMask = 2147483647;
			files = (
			);
			inputPaths = (
				"${PODS_PODFILE_DIR_PATH}/Podfile.lock",
				"${PODS_ROOT}/Manifest.lock",
			);
			name = "[CP] Check Pods Manifest.lock";
			outputPaths = (
				"$(DERIVED_FILE_DIR)/Pods-PizzaareaClient-checkManifestLockResult.txt",
			);
			runOnlyForDeploymentPostprocessing = 0;
			shellPath = /bin/sh;
			shellScript = "diff \"${PODS_PODFILE_DIR_PATH}/Podfile.lock\" \"${PODS_ROOT}/Manifest.lock\" > /dev/null\nif [ $? != 0 ] ; then\n    # print error to STDERR\n    echo \"error: The sandbox is not in sync with the Podfile.lock. Run 'pod install' or update your CocoaPods installation.\" >&2\n    exit 1\nfi\n# This output is used by Xcode 'outputs' to avoid re-running this script phase.\necho \"SUCCESS\" > \"${SCRIPT_OUTPUT_FILE_0}\"\n";
			showEnvVarsInLog = 0;
		};
		8DF370A30A495264E46E981A /* [CP] Embed Pods Frameworks */ = {
			isa = PBXShellScriptBuildPhase;
			buildActionMask = 2147483647;
			files = (
			);
			inputPaths = (
				"${SRCROOT}/Pods/Target Support Files/Pods-PizzaareaClient/Pods-PizzaareaClient-frameworks.sh",
				"${BUILT_PRODUCTS_DIR}/Alamofire/Alamofire.framework",
				"${BUILT_PRODUCTS_DIR}/PusherSwift/PusherSwift.framework",
			);
			name = "[CP] Embed Pods Frameworks";
			outputPaths = (
				"${TARGET_BUILD_DIR}/${FRAMEWORKS_FOLDER_PATH}/Alamofire.framework",
				"${TARGET_BUILD_DIR}/${FRAMEWORKS_FOLDER_PATH}/PusherSwift.framework",
			);
			runOnlyForDeploymentPostprocessing = 0;
			shellPath = /bin/sh;
			shellScript = "\"${SRCROOT}/Pods/Target Support Files/Pods-PizzaareaClient/Pods-PizzaareaClient-frameworks.sh\"\n";
			showEnvVarsInLog = 0;
		};
		B888DCAD0ABFFD7A65666BC0 /* [CP] Check Pods Manifest.lock */ = {
			isa = PBXShellScriptBuildPhase;
			buildActionMask = 2147483647;
			files = (
			);
			inputPaths = (
				"${PODS_PODFILE_DIR_PATH}/Podfile.lock",
				"${PODS_ROOT}/Manifest.lock",
			);
			name = "[CP] Check Pods Manifest.lock";
			outputPaths = (
				"$(DERIVED_FILE_DIR)/Pods-PizzaareaClientTests-checkManifestLockResult.txt",
			);
			runOnlyForDeploymentPostprocessing = 0;
			shellPath = /bin/sh;
			shellScript = "diff \"${PODS_PODFILE_DIR_PATH}/Podfile.lock\" \"${PODS_ROOT}/Manifest.lock\" > /dev/null\nif [ $? != 0 ] ; then\n    # print error to STDERR\n    echo \"error: The sandbox is not in sync with the Podfile.lock. Run 'pod install' or update your CocoaPods installation.\" >&2\n    exit 1\nfi\n# This output is used by Xcode 'outputs' to avoid re-running this script phase.\necho \"SUCCESS\" > \"${SCRIPT_OUTPUT_FILE_0}\"\n";
			showEnvVarsInLog = 0;
		};
/* End PBXShellScriptBuildPhase section */

/* Begin PBXSourcesBuildPhase section */
		CD134584224A3FCF00E5F857 /* Sources */ = {
			isa = PBXSourcesBuildPhase;
			buildActionMask = 2147483647;
			files = (
				CD13458E224A3FCF00E5F857 /* ViewController.swift in Sources */,
				CD1345BE224A555600E5F857 /* PizzaListTableViewController.swift in Sources */,
				CD13458C224A3FCF00E5F857 /* AppDelegate.swift in Sources */,
				CD1345BC224A540D00E5F857 /* Order.swift in Sources */,
				CD1345BA224A53E300E5F857 /* Pizza.swift in Sources */,
			);
			runOnlyForDeploymentPostprocessing = 0;
		};
		CD134598224A3FD200E5F857 /* Sources */ = {
			isa = PBXSourcesBuildPhase;
			buildActionMask = 2147483647;
			files = (
				CD1345A1224A3FD200E5F857 /* PizzaareaClientTests.swift in Sources */,
			);
			runOnlyForDeploymentPostprocessing = 0;
		};
		CD1345A3224A3FD200E5F857 /* Sources */ = {
			isa = PBXSourcesBuildPhase;
			buildActionMask = 2147483647;
			files = (
				CD1345AC224A3FD200E5F857 /* PizzaareaClientUITests.swift in Sources */,
			);
			runOnlyForDeploymentPostprocessing = 0;
		};
/* End PBXSourcesBuildPhase section */

/* Begin PBXTargetDependency section */
		CD13459E224A3FD200E5F857 /* PBXTargetDependency */ = {
			isa = PBXTargetDependency;
			target = CD134587224A3FCF00E5F857 /* PizzaareaClient */;
			targetProxy = CD13459D224A3FD200E5F857 /* PBXContainerItemProxy */;
		};
		CD1345A9224A3FD200E5F857 /* PBXTargetDependency */ = {
			isa = PBXTargetDependency;
			target = CD134587224A3FCF00E5F857 /* PizzaareaClient */;
			targetProxy = CD1345A8224A3FD200E5F857 /* PBXContainerItemProxy */;
		};
/* End PBXTargetDependency section */

/* Begin PBXVariantGroup section */
		CD13458F224A3FCF00E5F857 /* Main.storyboard */ = {
			isa = PBXVariantGroup;
			children = (
				CD134590224A3FCF00E5F857 /* Base */,
			);
			name = Main.storyboard;
			sourceTree = "<group>";
		};
		CD134594224A3FD100E5F857 /* LaunchScreen.storyboard */ = {
			isa = PBXVariantGroup;
			children = (
				CD134595224A3FD100E5F857 /* Base */,
			);
			name = LaunchScreen.storyboard;
			sourceTree = "<group>";
		};
/* End PBXVariantGroup section */

/* Begin XCBuildConfiguration section */
		CD1345AE224A3FD200E5F857 /* Debug */ = {
			isa = XCBuildConfiguration;
			buildSettings = {
				ALWAYS_SEARCH_USER_PATHS = NO;
				CLANG_ANALYZER_NONNULL = YES;
				CLANG_ANALYZER_NUMBER_OBJECT_CONVERSION = YES_AGGRESSIVE;
				CLANG_CXX_LANGUAGE_STANDARD = "gnu++14";
				CLANG_CXX_LIBRARY = "libc++";
				CLANG_ENABLE_MODULES = YES;
				CLANG_ENABLE_OBJC_ARC = YES;
				CLANG_ENABLE_OBJC_WEAK = YES;
				CLANG_WARN_BLOCK_CAPTURE_AUTORELEASING = YES;
				CLANG_WARN_BOOL_CONVERSION = YES;
				CLANG_WARN_COMMA = YES;
				CLANG_WARN_CONSTANT_CONVERSION = YES;
				CLANG_WARN_DEPRECATED_OBJC_IMPLEMENTATIONS = YES;
				CLANG_WARN_DIRECT_OBJC_ISA_USAGE = YES_ERROR;
				CLANG_WARN_DOCUMENTATION_COMMENTS = YES;
				CLANG_WARN_EMPTY_BODY = YES;
				CLANG_WARN_ENUM_CONVERSION = YES;
				CLANG_WARN_INFINITE_RECURSION = YES;
				CLANG_WARN_INT_CONVERSION = YES;
				CLANG_WARN_NON_LITERAL_NULL_CONVERSION = YES;
				CLANG_WARN_OBJC_IMPLICIT_RETAIN_SELF = YES;
				CLANG_WARN_OBJC_LITERAL_CONVERSION = YES;
				CLANG_WARN_OBJC_ROOT_CLASS = YES_ERROR;
				CLANG_WARN_RANGE_LOOP_ANALYSIS = YES;
				CLANG_WARN_STRICT_PROTOTYPES = YES;
				CLANG_WARN_SUSPICIOUS_MOVE = YES;
				CLANG_WARN_UNGUARDED_AVAILABILITY = YES_AGGRESSIVE;
				CLANG_WARN_UNREACHABLE_CODE = YES;
				CLANG_WARN__DUPLICATE_METHOD_MATCH = YES;
				CODE_SIGN_IDENTITY = "iPhone Developer";
				COPY_PHASE_STRIP = NO;
				DEBUG_INFORMATION_FORMAT = dwarf;
				ENABLE_STRICT_OBJC_MSGSEND = YES;
				ENABLE_TESTABILITY = YES;
				GCC_C_LANGUAGE_STANDARD = gnu11;
				GCC_DYNAMIC_NO_PIC = NO;
				GCC_NO_COMMON_BLOCKS = YES;
				GCC_OPTIMIZATION_LEVEL = 0;
				GCC_PREPROCESSOR_DEFINITIONS = (
					"DEBUG=1",
					"$(inherited)",
				);
				GCC_WARN_64_TO_32_BIT_CONVERSION = YES;
				GCC_WARN_ABOUT_RETURN_TYPE = YES_ERROR;
				GCC_WARN_UNDECLARED_SELECTOR = YES;
				GCC_WARN_UNINITIALIZED_AUTOS = YES_AGGRESSIVE;
				GCC_WARN_UNUSED_FUNCTION = YES;
				GCC_WARN_UNUSED_VARIABLE = YES;
				IPHONEOS_DEPLOYMENT_TARGET = 12.1;
				MTL_ENABLE_DEBUG_INFO = INCLUDE_SOURCE;
				MTL_FAST_MATH = YES;
				ONLY_ACTIVE_ARCH = YES;
				SDKROOT = iphoneos;
				SWIFT_ACTIVE_COMPILATION_CONDITIONS = DEBUG;
				SWIFT_OPTIMIZATION_LEVEL = "-Onone";
			};
			name = Debug;
		};
		CD1345AF224A3FD200E5F857 /* Release */ = {
			isa = XCBuildConfiguration;
			buildSettings = {
				ALWAYS_SEARCH_USER_PATHS = NO;
				CLANG_ANALYZER_NONNULL = YES;
				CLANG_ANALYZER_NUMBER_OBJECT_CONVERSION = YES_AGGRESSIVE;
				CLANG_CXX_LANGUAGE_STANDARD = "gnu++14";
				CLANG_CXX_LIBRARY = "libc++";
				CLANG_ENABLE_MODULES = YES;
				CLANG_ENABLE_OBJC_ARC = YES;
				CLANG_ENABLE_OBJC_WEAK = YES;
				CLANG_WARN_BLOCK_CAPTURE_AUTORELEASING = YES;
				CLANG_WARN_BOOL_CONVERSION = YES;
				CLANG_WARN_COMMA = YES;
				CLANG_WARN_CONSTANT_CONVERSION = YES;
				CLANG_WARN_DEPRECATED_OBJC_IMPLEMENTATIONS = YES;
				CLANG_WARN_DIRECT_OBJC_ISA_USAGE = YES_ERROR;
				CLANG_WARN_DOCUMENTATION_COMMENTS = YES;
				CLANG_WARN_EMPTY_BODY = YES;
				CLANG_WARN_ENUM_CONVERSION = YES;
				CLANG_WARN_INFINITE_RECURSION = YES;
				CLANG_WARN_INT_CONVERSION = YES;
				CLANG_WARN_NON_LITERAL_NULL_CONVERSION = YES;
				CLANG_WARN_OBJC_IMPLICIT_RETAIN_SELF = YES;
				CLANG_WARN_OBJC_LITERAL_CONVERSION = YES;
				CLANG_WARN_OBJC_ROOT_CLASS = YES_ERROR;
				CLANG_WARN_RANGE_LOOP_ANALYSIS = YES;
				CLANG_WARN_STRICT_PROTOTYPES = YES;
				CLANG_WARN_SUSPICIOUS_MOVE = YES;
				CLANG_WARN_UNGUARDED_AVAILABILITY = YES_AGGRESSIVE;
				CLANG_WARN_UNREACHABLE_CODE = YES;
				CLANG_WARN__DUPLICATE_METHOD_MATCH = YES;
				CODE_SIGN_IDENTITY = "iPhone Developer";
				COPY_PHASE_STRIP = NO;
				DEBUG_INFORMATION_FORMAT = "dwarf-with-dsym";
				ENABLE_NS_ASSERTIONS = NO;
				ENABLE_STRICT_OBJC_MSGSEND = YES;
				GCC_C_LANGUAGE_STANDARD = gnu11;
				GCC_NO_COMMON_BLOCKS = YES;
				GCC_WARN_64_TO_32_BIT_CONVERSION = YES;
				GCC_WARN_ABOUT_RETURN_TYPE = YES_ERROR;
				GCC_WARN_UNDECLARED_SELECTOR = YES;
				GCC_WARN_UNINITIALIZED_AUTOS = YES_AGGRESSIVE;
				GCC_WARN_UNUSED_FUNCTION = YES;
				GCC_WARN_UNUSED_VARIABLE = YES;
				IPHONEOS_DEPLOYMENT_TARGET = 12.1;
				MTL_ENABLE_DEBUG_INFO = NO;
				MTL_FAST_MATH = YES;
				SDKROOT = iphoneos;
				SWIFT_COMPILATION_MODE = wholemodule;
				SWIFT_OPTIMIZATION_LEVEL = "-O";
				VALIDATE_PRODUCT = YES;
			};
			name = Release;
		};
		CD1345B1224A3FD200E5F857 /* Debug */ = {
			isa = XCBuildConfiguration;
			baseConfigurationReference = 2AFE4B9B01A2F66D19CE79F1 /* Pods-PizzaareaClient.debug.xcconfig */;
			buildSettings = {
				ASSETCATALOG_COMPILER_APPICON_NAME = AppIcon;
				CODE_SIGN_STYLE = Automatic;
				DEVELOPMENT_TEAM = WH3J98CLZU;
				INFOPLIST_FILE = PizzaareaClient/Info.plist;
				LD_RUNPATH_SEARCH_PATHS = (
					"$(inherited)",
					"@executable_path/Frameworks",
				);
				PRODUCT_BUNDLE_IDENTIFIER = bk.PizzaareaClient;
				PRODUCT_NAME = "$(TARGET_NAME)";
				SWIFT_VERSION = 4.2;
				TARGETED_DEVICE_FAMILY = "1,2";
			};
			name = Debug;
		};
		CD1345B2224A3FD200E5F857 /* Release */ = {
			isa = XCBuildConfiguration;
			baseConfigurationReference = B6207DCC4AC6265F9B8A89E5 /* Pods-PizzaareaClient.release.xcconfig */;
			buildSettings = {
				ASSETCATALOG_COMPILER_APPICON_NAME = AppIcon;
				CODE_SIGN_STYLE = Automatic;
				DEVELOPMENT_TEAM = WH3J98CLZU;
				INFOPLIST_FILE = PizzaareaClient/Info.plist;
				LD_RUNPATH_SEARCH_PATHS = (
					"$(inherited)",
					"@executable_path/Frameworks",
				);
				PRODUCT_BUNDLE_IDENTIFIER = bk.PizzaareaClient;
				PRODUCT_NAME = "$(TARGET_NAME)";
				SWIFT_VERSION = 4.2;
				TARGETED_DEVICE_FAMILY = "1,2";
			};
			name = Release;
		};
		CD1345B4224A3FD200E5F857 /* Debug */ = {
			isa = XCBuildConfiguration;
			baseConfigurationReference = 64534C37D3D0CB53392E997F /* Pods-PizzaareaClientTests.debug.xcconfig */;
			buildSettings = {
				ALWAYS_EMBED_SWIFT_STANDARD_LIBRARIES = YES;
				BUNDLE_LOADER = "$(TEST_HOST)";
				CODE_SIGN_STYLE = Automatic;
				DEVELOPMENT_TEAM = WH3J98CLZU;
				INFOPLIST_FILE = PizzaareaClientTests/Info.plist;
				LD_RUNPATH_SEARCH_PATHS = (
					"$(inherited)",
					"@executable_path/Frameworks",
					"@loader_path/Frameworks",
				);
				PRODUCT_BUNDLE_IDENTIFIER = bk.PizzaareaClientTests;
				PRODUCT_NAME = "$(TARGET_NAME)";
				SWIFT_VERSION = 4.2;
				TARGETED_DEVICE_FAMILY = "1,2";
				TEST_HOST = "$(BUILT_PRODUCTS_DIR)/PizzaareaClient.app/PizzaareaClient";
			};
			name = Debug;
		};
		CD1345B5224A3FD200E5F857 /* Release */ = {
			isa = XCBuildConfiguration;
			baseConfigurationReference = F9DD58D8CA063FC82FBB2514 /* Pods-PizzaareaClientTests.release.xcconfig */;
			buildSettings = {
				ALWAYS_EMBED_SWIFT_STANDARD_LIBRARIES = YES;
				BUNDLE_LOADER = "$(TEST_HOST)";
				CODE_SIGN_STYLE = Automatic;
				DEVELOPMENT_TEAM = WH3J98CLZU;
				INFOPLIST_FILE = PizzaareaClientTests/Info.plist;
				LD_RUNPATH_SEARCH_PATHS = (
					"$(inherited)",
					"@executable_path/Frameworks",
					"@loader_path/Frameworks",
				);
				PRODUCT_BUNDLE_IDENTIFIER = bk.PizzaareaClientTests;
				PRODUCT_NAME = "$(TARGET_NAME)";
				SWIFT_VERSION = 4.2;
				TARGETED_DEVICE_FAMILY = "1,2";
				TEST_HOST = "$(BUILT_PRODUCTS_DIR)/PizzaareaClient.app/PizzaareaClient";
			};
			name = Release;
		};
		CD1345B7224A3FD200E5F857 /* Debug */ = {
			isa = XCBuildConfiguration;
			baseConfigurationReference = F3ABB1CBEBF1B63B0D3C9070 /* Pods-PizzaareaClientUITests.debug.xcconfig */;
			buildSettings = {
				ALWAYS_EMBED_SWIFT_STANDARD_LIBRARIES = YES;
				CODE_SIGN_STYLE = Automatic;
				DEVELOPMENT_TEAM = WH3J98CLZU;
				INFOPLIST_FILE = PizzaareaClientUITests/Info.plist;
				LD_RUNPATH_SEARCH_PATHS = (
					"$(inherited)",
					"@executable_path/Frameworks",
					"@loader_path/Frameworks",
				);
				PRODUCT_BUNDLE_IDENTIFIER = bk.PizzaareaClientUITests;
				PRODUCT_NAME = "$(TARGET_NAME)";
				SWIFT_VERSION = 4.2;
				TARGETED_DEVICE_FAMILY = "1,2";
				TEST_TARGET_NAME = PizzaareaClient;
			};
			name = Debug;
		};
		CD1345B8224A3FD200E5F857 /* Release */ = {
			isa = XCBuildConfiguration;
			baseConfigurationReference = F1442869CB61082ACFA49F2F /* Pods-PizzaareaClientUITests.release.xcconfig */;
			buildSettings = {
				ALWAYS_EMBED_SWIFT_STANDARD_LIBRARIES = YES;
				CODE_SIGN_STYLE = Automatic;
				DEVELOPMENT_TEAM = WH3J98CLZU;
				INFOPLIST_FILE = PizzaareaClientUITests/Info.plist;
				LD_RUNPATH_SEARCH_PATHS = (
					"$(inherited)",
					"@executable_path/Frameworks",
					"@loader_path/Frameworks",
				);
				PRODUCT_BUNDLE_IDENTIFIER = bk.PizzaareaClientUITests;
				PRODUCT_NAME = "$(TARGET_NAME)";
				SWIFT_VERSION = 4.2;
				TARGETED_DEVICE_FAMILY = "1,2";
				TEST_TARGET_NAME = PizzaareaClient;
			};
			name = Release;
		};
/* End XCBuildConfiguration section */

/* Begin XCConfigurationList section */
		CD134583224A3FCF00E5F857 /* Build configuration list for PBXProject "PizzaareaClient" */ = {
			isa = XCConfigurationList;
			buildConfigurations = (
				CD1345AE224A3FD200E5F857 /* Debug */,
				CD1345AF224A3FD200E5F857 /* Release */,
			);
			defaultConfigurationIsVisible = 0;
			defaultConfigurationName = Release;
		};
		CD1345B0224A3FD200E5F857 /* Build configuration list for PBXNativeTarget "PizzaareaClient" */ = {
			isa = XCConfigurationList;
			buildConfigurations = (
				CD1345B1224A3FD200E5F857 /* Debug */,
				CD1345B2224A3FD200E5F857 /* Release */,
			);
			defaultConfigurationIsVisible = 0;
			defaultConfigurationName = Release;
		};
		CD1345B3224A3FD200E5F857 /* Build configuration list for PBXNativeTarget "PizzaareaClientTests" */ = {
			isa = XCConfigurationList;
			buildConfigurations = (
				CD1345B4224A3FD200E5F857 /* Debug */,
				CD1345B5224A3FD200E5F857 /* Release */,
			);
			defaultConfigurationIsVisible = 0;
			defaultConfigurationName = Release;
		};
		CD1345B6224A3FD200E5F857 /* Build configuration list for PBXNativeTarget "PizzaareaClientUITests" */ = {
			isa = XCConfigurationList;
			buildConfigurations = (
				CD1345B7224A3FD200E5F857 /* Debug */,
				CD1345B8224A3FD200E5F857 /* Release */,
			);
			defaultConfigurationIsVisible = 0;
			defaultConfigurationName = Release;
		};
/* End XCConfigurationList section */
	};
	rootObject = CD134580224A3FCF00E5F857 /* Project object */;
}
